
Microsoft Visual Studio Solution File, Format Version 12.00
# Visual Studio 14
VisualStudioVersion = 14.0.25420.1
MinimumVisualStudioVersion = 10.0.40219.1
Project("{FAE04EC0-301F-11D3-BF4B-00C04F79EFBC}") = "Evaders.Core", "src\Evaders.Core\Evaders.Core.csproj", "{F45515B8-560A-47AE-AD4A-FF6196B6EEE9}"
EndProject
Project("{FAE04EC0-301F-11D3-BF4B-00C04F79EFBC}") = "Evaders.Client", "src\Evaders.Client\Evaders.Client.csproj", "{0E4B7D2E-6ADF-4387-B41B-6F36C6736BB8}"
EndProject
Project("{FAE04EC0-301F-11D3-BF4B-00C04F79EFBC}") = "Evaders.Server", "src\Evaders.Server\Evaders.Server.csproj", "{BA0A3044-10C0-4D14-B324-8376C45193F9}"
EndProject
Project("{FAE04EC0-301F-11D3-BF4B-00C04F79EFBC}") = "Evaders.ServerRunner.Windows", "src\Evaders.ServerRunner.Windows\Evaders.ServerRunner.Windows.csproj", "{EDAFEB49-CCE8-41F6-8BC8-E98622FD0C86}"
EndProject
Project("{FAE04EC0-301F-11D3-BF4B-00C04F79EFBC}") = "Evaders.Core.Tests", "test\Evaders.Core.Tests\Evaders.Core.Tests.csproj", "{7C2D769E-7630-4839-9C99-0429C22EACC7}"
EndProject
Project("{FAE04EC0-301F-11D3-BF4B-00C04F79EFBC}") = "Evaders.CommonNetworking", "src\Evaders.CommonNetworking\Evaders.CommonNetworking.csproj", "{4B8B0FC1-6BB3-46E6-87B3-7DA84DEB217D}"
EndProject
Project("{8BB2217D-0F2D-49D1-97BC-3654ED321F3B}") = "Evaders", "src\Evaders\Evaders.xproj", "{DF0969C0-B409-41F8-9A5E-E993062E6AC0}"
EndProject
Project("{2150E333-8FDC-42A3-9474-1A3956D46DE8}") = "Solution Items", "Solution Items", "{E346F3D5-EDB2-4F34-A7BE-33FEFAD64033}"
	ProjectSection(SolutionItems) = preProject
		global.json = global.json
	EndProjectSection
EndProject
Project("{2150E333-8FDC-42A3-9474-1A3956D46DE8}") = "src", "src", "{B36251D1-3D21-4EEB-BC24-7DEABD4D5921}"
EndProject
Project("{2150E333-8FDC-42A3-9474-1A3956D46DE8}") = "test", "test", "{F39EC8B2-4B5B-4AB4-9664-5C7DAA5EB379}"
EndProject
Global
	GlobalSection(SolutionConfigurationPlatforms) = preSolution
		Debug|Any CPU = Debug|Any CPU
		Debug|x86 = Debug|x86
		Release|Any CPU = Release|Any CPU
		Release|x86 = Release|x86
	EndGlobalSection
	GlobalSection(ProjectConfigurationPlatforms) = postSolution
		{F45515B8-560A-47AE-AD4A-FF6196B6EEE9}.Debug|Any CPU.ActiveCfg = Debug|Any CPU
		{F45515B8-560A-47AE-AD4A-FF6196B6EEE9}.Debug|Any CPU.Build.0 = Debug|Any CPU
		{F45515B8-560A-47AE-AD4A-FF6196B6EEE9}.Debug|x86.ActiveCfg = Debug|Any CPU
		{F45515B8-560A-47AE-AD4A-FF6196B6EEE9}.Debug|x86.Build.0 = Debug|Any CPU
		{F45515B8-560A-47AE-AD4A-FF6196B6EEE9}.Release|Any CPU.ActiveCfg = Release|Any CPU
		{F45515B8-560A-47AE-AD4A-FF6196B6EEE9}.Release|Any CPU.Build.0 = Release|Any CPU
		{F45515B8-560A-47AE-AD4A-FF6196B6EEE9}.Release|x86.ActiveCfg = Release|Any CPU
		{F45515B8-560A-47AE-AD4A-FF6196B6EEE9}.Release|x86.Build.0 = Release|Any CPU
		{0E4B7D2E-6ADF-4387-B41B-6F36C6736BB8}.Debug|Any CPU.ActiveCfg = Debug|Any CPU
		{0E4B7D2E-6ADF-4387-B41B-6F36C6736BB8}.Debug|Any CPU.Build.0 = Debug|Any CPU
		{0E4B7D2E-6ADF-4387-B41B-6F36C6736BB8}.Debug|x86.ActiveCfg = Debug|Any CPU
		{0E4B7D2E-6ADF-4387-B41B-6F36C6736BB8}.Debug|x86.Build.0 = Debug|Any CPU
		{0E4B7D2E-6ADF-4387-B41B-6F36C6736BB8}.Release|Any CPU.ActiveCfg = Release|Any CPU
		{0E4B7D2E-6ADF-4387-B41B-6F36C6736BB8}.Release|Any CPU.Build.0 = Release|Any CPU
		{0E4B7D2E-6ADF-4387-B41B-6F36C6736BB8}.Release|x86.ActiveCfg = Release|Any CPU
		{0E4B7D2E-6ADF-4387-B41B-6F36C6736BB8}.Release|x86.Build.0 = Release|Any CPU
		{BA0A3044-10C0-4D14-B324-8376C45193F9}.Debug|Any CPU.ActiveCfg = Debug|Any CPU
		{BA0A3044-10C0-4D14-B324-8376C45193F9}.Debug|Any CPU.Build.0 = Debug|Any CPU
		{BA0A3044-10C0-4D14-B324-8376C45193F9}.Debug|x86.ActiveCfg = Debug|Any CPU
		{BA0A3044-10C0-4D14-B324-8376C45193F9}.Debug|x86.Build.0 = Debug|Any CPU
		{BA0A3044-10C0-4D14-B324-8376C45193F9}.Release|Any CPU.ActiveCfg = Release|Any CPU
		{BA0A3044-10C0-4D14-B324-8376C45193F9}.Release|Any CPU.Build.0 = Release|Any CPU
		{BA0A3044-10C0-4D14-B324-8376C45193F9}.Release|x86.ActiveCfg = Release|Any CPU
		{BA0A3044-10C0-4D14-B324-8376C45193F9}.Release|x86.Build.0 = Release|Any CPU
		{EDAFEB49-CCE8-41F6-8BC8-E98622FD0C86}.Debug|Any CPU.ActiveCfg = Debug|Any CPU
		{EDAFEB49-CCE8-41F6-8BC8-E98622FD0C86}.Debug|Any CPU.Build.0 = Debug|Any CPU
		{EDAFEB49-CCE8-41F6-8BC8-E98622FD0C86}.Debug|x86.ActiveCfg = Debug|Any CPU
		{EDAFEB49-CCE8-41F6-8BC8-E98622FD0C86}.Debug|x86.Build.0 = Debug|Any CPU
		{EDAFEB49-CCE8-41F6-8BC8-E98622FD0C86}.Release|Any CPU.ActiveCfg = Release|Any CPU
		{EDAFEB49-CCE8-41F6-8BC8-E98622FD0C86}.Release|Any CPU.Build.0 = Release|Any CPU
		{EDAFEB49-CCE8-41F6-8BC8-E98622FD0C86}.Release|x86.ActiveCfg = Release|Any CPU
		{EDAFEB49-CCE8-41F6-8BC8-E98622FD0C86}.Release|x86.Build.0 = Release|Any CPU
		{7C2D769E-7630-4839-9C99-0429C22EACC7}.Debug|Any CPU.ActiveCfg = Debug|Any CPU
		{7C2D769E-7630-4839-9C99-0429C22EACC7}.Debug|Any CPU.Build.0 = Debug|Any CPU
		{7C2D769E-7630-4839-9C99-0429C22EACC7}.Debug|x86.ActiveCfg = Debug|Any CPU
		{7C2D769E-7630-4839-9C99-0429C22EACC7}.Debug|x86.Build.0 = Debug|Any CPU
		{7C2D769E-7630-4839-9C99-0429C22EACC7}.Release|Any CPU.ActiveCfg = Release|Any CPU
		{7C2D769E-7630-4839-9C99-0429C22EACC7}.Release|Any CPU.Build.0 = Release|Any CPU
		{7C2D769E-7630-4839-9C99-0429C22EACC7}.Release|x86.ActiveCfg = Release|Any CPU
		{7C2D769E-7630-4839-9C99-0429C22EACC7}.Release|x86.Build.0 = Release|Any CPU
		{4B8B0FC1-6BB3-46E6-87B3-7DA84DEB217D}.Debug|Any CPU.ActiveCfg = Debug|Any CPU
		{4B8B0FC1-6BB3-46E6-87B3-7DA84DEB217D}.Debug|Any CPU.Build.0 = Debug|Any CPU
		{4B8B0FC1-6BB3-46E6-87B3-7DA84DEB217D}.Debug|x86.ActiveCfg = Debug|Any CPU
		{4B8B0FC1-6BB3-46E6-87B3-7DA84DEB217D}.Debug|x86.Build.0 = Debug|Any CPU
		{4B8B0FC1-6BB3-46E6-87B3-7DA84DEB217D}.Release|Any CPU.ActiveCfg = Release|Any CPU
		{4B8B0FC1-6BB3-46E6-87B3-7DA84DEB217D}.Release|Any CPU.Build.0 = Release|Any CPU
		{4B8B0FC1-6BB3-46E6-87B3-7DA84DEB217D}.Release|x86.ActiveCfg = Release|Any CPU
		{4B8B0FC1-6BB3-46E6-87B3-7DA84DEB217D}.Release|x86.Build.0 = Release|Any CPU
		{DF0969C0-B409-41F8-9A5E-E993062E6AC0}.Debug|Any CPU.ActiveCfg = Debug|Any CPU
		{DF0969C0-B409-41F8-9A5E-E993062E6AC0}.Debug|Any CPU.Build.0 = Debug|Any CPU
		{DF0969C0-B409-41F8-9A5E-E993062E6AC0}.Debug|x86.ActiveCfg = Debug|Any CPU
		{DF0969C0-B409-41F8-9A5E-E993062E6AC0}.Debug|x86.Build.0 = Debug|Any CPU
		{DF0969C0-B409-41F8-9A5E-E993062E6AC0}.Release|Any CPU.ActiveCfg = Release|Any CPU
		{DF0969C0-B409-41F8-9A5E-E993062E6AC0}.Release|Any CPU.Build.0 = Release|Any CPU
		{DF0969C0-B409-41F8-9A5E-E993062E6AC0}.Release|x86.ActiveCfg = Release|Any CPU
		{DF0969C0-B409-41F8-9A5E-E993062E6AC0}.Release|x86.Build.0 = Release|Any CPU
	EndGlobalSection
	GlobalSection(SolutionProperties) = preSolution
		HideSolutionNode = FALSE
	EndGlobalSection
	GlobalSection(NestedProjects) = preSolution
		{F45515B8-560A-47AE-AD4A-FF6196B6EEE9} = {B36251D1-3D21-4EEB-BC24-7DEABD4D5921}
		{0E4B7D2E-6ADF-4387-B41B-6F36C6736BB8} = {B36251D1-3D21-4EEB-BC24-7DEABD4D5921}
		{BA0A3044-10C0-4D14-B324-8376C45193F9} = {B36251D1-3D21-4EEB-BC24-7DEABD4D5921}
		{EDAFEB49-CCE8-41F6-8BC8-E98622FD0C86} = {B36251D1-3D21-4EEB-BC24-7DEABD4D5921}
		{7C2D769E-7630-4839-9C99-0429C22EACC7} = {F39EC8B2-4B5B-4AB4-9664-5C7DAA5EB379}
		{4B8B0FC1-6BB3-46E6-87B3-7DA84DEB217D} = {B36251D1-3D21-4EEB-BC24-7DEABD4D5921}
		{DF0969C0-B409-41F8-9A5E-E993062E6AC0} = {B36251D1-3D21-4EEB-BC24-7DEABD4D5921}
	EndGlobalSection
EndGlobal
